{
    "_meta": {
        "hash": {
            "sha256": "6d573a7b9f950fe05e0e88486e782c57cc262fe1eebf7cd41b1501af44f2c526"
        },
        "pipfile-spec": 6,
        "requires": {
            "python_version": "3.12"
        },
        "sources": [
            {
                "name": "pypi",
                "url": "https://pypi.org/simple",
                "verify_ssl": true
            }
        ]
    },
    "default": {
        "apscheduler": {
            "hashes": [
                "sha256:e6df071b27d9be898e486bc7940a7be50b4af2e9da7c08f0744a96d4bd4cef4a",
                "sha256:fb91e8a768632a4756a585f79ec834e0e27aad5860bac7eaa523d9ccefd87661"
            ],
            "markers": "python_version >= '3.6'",
            "version": "==3.10.4"
        },
        "blinker": {
            "hashes": [
                "sha256:b4ce2265a7abece45e7cc896e98dbebe6cead56bcf805a3d23136d145f5445bf",
                "sha256:ba0efaa9080b619ff2f3459d1d500c57bddea4a6b424b60a91141db6fd2f08bc"
            ],
            "markers": "python_version >= '3.9'",
            "version": "==1.9.0"
        },
        "certifi": {
            "hashes": [
                "sha256:e564105f78ded564e3ae7c923924435e1daa7463faeab5bb932bc53ffae63407",
                "sha256:f6c12493cfb1b06ba2ff328595af9350c65d6644968e5d3a2ffd78699af217a5"
            ],
            "markers": "python_version >= '3.7'",
            "version": "==2025.8.3"
        },
        "charset-normalizer": {
            "hashes": [
                "sha256:00237675befef519d9af72169d8604a067d92755e84fe76492fef5441db05b91",
                "sha256:02425242e96bcf29a49711b0ca9f37e451da7c70562bc10e8ed992a5a7a25cc0",
                "sha256:027b776c26d38b7f15b26a5da1044f376455fb3766df8fc38563b4efbc515154",
                "sha256:07a0eae9e2787b586e129fdcbe1af6997f8d0e5abaa0bc98c0e20e124d67e601",
                "sha256:0cacf8f7297b0c4fcb74227692ca46b4a5852f8f4f24b3c766dd94a1075c4884",
                "sha256:0e78314bdc32fa80696f72fa16dc61168fda4d6a0c014e0380f9d02f0e5d8a07",
                "sha256:0f2be7e0cf7754b9a30eb01f4295cc3d4358a479843b31f328afd210e2c7598c",
                "sha256:13faeacfe61784e2559e690fc53fa4c5ae97c6fcedb8eb6fb8d0a15b475d2c64",
                "sha256:14c2a87c65b351109f6abfc424cab3927b3bdece6f706e4d12faaf3d52ee5efe",
                "sha256:1606f4a55c0fd363d754049cdf400175ee96c992b1f8018b993941f221221c5f",
                "sha256:16a8770207946ac75703458e2c743631c79c59c5890c80011d536248f8eaa432",
                "sha256:18343b2d246dc6761a249ba1fb13f9ee9a2bcd95decc767319506056ea4ad4dc",
                "sha256:18b97b8404387b96cdbd30ad660f6407799126d26a39ca65729162fd810a99aa",
                "sha256:1bb60174149316da1c35fa5233681f7c0f9f514509b8e399ab70fea5f17e45c9",
                "sha256:1e8ac75d72fa3775e0b7cb7e4629cec13b7514d928d15ef8ea06bca03ef01cae",
                "sha256:1ef99f0456d3d46a50945c98de1774da86f8e992ab5c77865ea8b8195341fc19",
                "sha256:2001a39612b241dae17b4687898843f254f8748b796a2e16f1051a17078d991d",
                "sha256:23b6b24d74478dc833444cbd927c338349d6ae852ba53a0d02a2de1fce45b96e",
                "sha256:252098c8c7a873e17dd696ed98bbe91dbacd571da4b87df3736768efa7a792e4",
                "sha256:257f26fed7d7ff59921b78244f3cd93ed2af1800ff048c33f624c87475819dd7",
                "sha256:2c322db9c8c89009a990ef07c3bcc9f011a3269bc06782f916cd3d9eed7c9312",
                "sha256:30a96e1e1f865f78b030d65241c1ee850cdf422d869e9028e2fc1d5e4db73b92",
                "sha256:30d006f98569de3459c2fc1f2acde170b7b2bd265dc1943e87e1a4efe1b67c31",
                "sha256:31a9a6f775f9bcd865d88ee350f0ffb0e25936a7f930ca98995c05abf1faf21c",
                "sha256:320e8e66157cc4e247d9ddca8e21f427efc7a04bbd0ac8a9faf56583fa543f9f",
                "sha256:34a7f768e3f985abdb42841e20e17b330ad3aaf4bb7e7aeeb73db2e70f077b99",
                "sha256:3653fad4fe3ed447a596ae8638b437f827234f01a8cd801842e43f3d0a6b281b",
                "sha256:3cd35b7e8aedeb9e34c41385fda4f73ba609e561faedfae0a9e75e44ac558a15",
                "sha256:3cfb2aad70f2c6debfbcb717f23b7eb55febc0bb23dcffc0f076009da10c6392",
                "sha256:416175faf02e4b0810f1f38bcb54682878a4af94059a1cd63b8747244420801f",
                "sha256:41d1fc408ff5fdfb910200ec0e74abc40387bccb3252f3f27c0676731df2b2c8",
                "sha256:42e5088973e56e31e4fa58eb6bd709e42fc03799c11c42929592889a2e54c491",
                "sha256:4ca4c094de7771a98d7fbd67d9e5dbf1eb73efa4f744a730437d8a3a5cf994f0",
                "sha256:511729f456829ef86ac41ca78c63a5cb55240ed23b4b737faca0eb1abb1c41bc",
                "sha256:53cd68b185d98dde4ad8990e56a58dea83a4162161b1ea9272e5c9182ce415e0",
                "sha256:585f3b2a80fbd26b048a0be90c5aae8f06605d3c92615911c3a2b03a8a3b796f",
                "sha256:5b413b0b1bfd94dbf4023ad6945889f374cd24e3f62de58d6bb102c4d9ae534a",
                "sha256:5d8d01eac18c423815ed4f4a2ec3b439d654e55ee4ad610e153cf02faf67ea40",
                "sha256:6aab0f181c486f973bc7262a97f5aca3ee7e1437011ef0c2ec04b5a11d16c927",
                "sha256:6cf8fd4c04756b6b60146d98cd8a77d0cdae0e1ca20329da2ac85eed779b6849",
                "sha256:6fb70de56f1859a3f71261cbe41005f56a7842cc348d3aeb26237560bfa5e0ce",
                "sha256:6fce4b8500244f6fcb71465d4a4930d132ba9ab8e71a7859e6a5d59851068d14",
                "sha256:70bfc5f2c318afece2f5838ea5e4c3febada0be750fcf4775641052bbba14d05",
                "sha256:73dc19b562516fc9bcf6e5d6e596df0b4eb98d87e4f79f3ae71840e6ed21361c",
                "sha256:74d77e25adda8581ffc1c720f1c81ca082921329452eba58b16233ab1842141c",
                "sha256:78deba4d8f9590fe4dae384aeff04082510a709957e968753ff3c48399f6f92a",
                "sha256:86df271bf921c2ee3818f0522e9a5b8092ca2ad8b065ece5d7d9d0e9f4849bcc",
                "sha256:88ab34806dea0671532d3f82d82b85e8fc23d7b2dd12fa837978dad9bb392a34",
                "sha256:8999f965f922ae054125286faf9f11bc6932184b93011d138925a1773830bbe9",
                "sha256:8dcfc373f888e4fb39a7bc57e93e3b845e7f462dacc008d9749568b1c4ece096",
                "sha256:939578d9d8fd4299220161fdd76e86c6a251987476f5243e8864a7844476ba14",
                "sha256:96b2b3d1a83ad55310de8c7b4a2d04d9277d5591f40761274856635acc5fcb30",
                "sha256:a2d08ac246bb48479170408d6c19f6385fa743e7157d716e144cad849b2dd94b",
                "sha256:b256ee2e749283ef3ddcff51a675ff43798d92d746d1a6e4631bf8c707d22d0b",
                "sha256:b5e3b2d152e74e100a9e9573837aba24aab611d39428ded46f4e4022ea7d1942",
                "sha256:b89bc04de1d83006373429975f8ef9e7932534b8cc9ca582e4db7d20d91816db",
                "sha256:bd28b817ea8c70215401f657edef3a8aa83c29d447fb0b622c35403780ba11d5",
                "sha256:c60e092517a73c632ec38e290eba714e9627abe9d301c8c8a12ec32c314a2a4b",
                "sha256:c6dbd0ccdda3a2ba7c2ecd9d77b37f3b5831687d8dc1b6ca5f56a4880cc7b7ce",
                "sha256:c6e490913a46fa054e03699c70019ab869e990270597018cef1d8562132c2669",
                "sha256:c6f162aabe9a91a309510d74eeb6507fab5fff92337a15acbe77753d88d9dcf0",
                "sha256:c6fd51128a41297f5409deab284fecbe5305ebd7e5a1f959bee1c054622b7018",
                "sha256:cc34f233c9e71701040d772aa7490318673aa7164a0efe3172b2981218c26d93",
                "sha256:cc9370a2da1ac13f0153780040f465839e6cccb4a1e44810124b4e22483c93fe",
                "sha256:ccf600859c183d70eb47e05a44cd80a4ce77394d1ac0f79dbd2dd90a69a3a049",
                "sha256:ce571ab16d890d23b5c278547ba694193a45011ff86a9162a71307ed9f86759a",
                "sha256:cf1ebb7d78e1ad8ec2a8c4732c7be2e736f6e5123a4146c5b89c9d1f585f8cef",
                "sha256:d0e909868420b7049dafd3a31d45125b31143eec59235311fc4c57ea26a4acd2",
                "sha256:d22dbedd33326a4a5190dd4fe9e9e693ef12160c77382d9e87919bce54f3d4ca",
                "sha256:d716a916938e03231e86e43782ca7878fb602a125a91e7acb8b5112e2e96ac16",
                "sha256:d79c198e27580c8e958906f803e63cddb77653731be08851c7df0b1a14a8fc0f",
                "sha256:d95bfb53c211b57198bb91c46dd5a2d8018b3af446583aab40074bf7988401cb",
                "sha256:e28e334d3ff134e88989d90ba04b47d84382a828c061d0d1027b1b12a62b39b1",
                "sha256:ec557499516fc90fd374bf2e32349a2887a876fbf162c160e3c01b6849eaf557",
                "sha256:fb6fecfd65564f208cbf0fba07f107fb661bcd1a7c389edbced3f7a493f70e37",
                "sha256:fb731e5deb0c7ef82d698b0f4c5bb724633ee2a489401594c5c88b02e6cb15f7",
                "sha256:fb7f67a1bfa6e40b438170ebdc8158b78dc465a5a67b6dde178a46987b244a72",
                "sha256:fd10de089bcdcd1be95a2f73dbe6254798ec1bda9f450d5828c96f93e2536b9c",
                "sha256:fdabf8315679312cfa71302f9bd509ded4f2f263fb5b765cf1433b39106c3cc9"
            ],
            "markers": "python_version >= '3.7'",
            "version": "==3.4.3"
        },
        "click": {
            "hashes": [
                "sha256:27c491cc05d968d271d5a1db13e3b5a184636d9d930f148c50b038f0d0646202",
                "sha256:61a3265b914e850b85317d0b3109c7f8cd35a670f963866005d6ef1d5175a12b"
            ],
            "markers": "python_version >= '3.10'",
            "version": "==8.2.1"
        },
        "dealer": {
            "hashes": [
                "sha256:0956771907702bf84c39513c5343cca1268ee9858a9fe3635303173114347dcf",
                "sha256:1929ebb09449b576d4488b1322fabca2ba75c82f602e64c9f0b5ad58bff020c4"
            ],
            "index": "pypi",
            "version": "==2.1.0"
        },
        "flask": {
            "hashes": [
                "sha256:09c347a92aa7ff4a8e7f3206795f30d826654baf38b873d0744cd571ca609efc",
                "sha256:f69fcd559dc907ed196ab9df0e48471709175e696d6e698dd4dbe940f96ce66b"
            ],
            "index": "pypi",
            "markers": "python_version >= '3.8'",
            "version": "==2.3.3"
        },
        "flask-apscheduler": {
            "hashes": [
                "sha256:b929846f026fb339b76360b0e4fc75da78b75c6d08625715bd0d37949bd607da"
            ],
            "index": "pypi",
            "markers": "python_version >= '3.8'",
            "version": "==1.13.1"
        },
        "flask-redis": {
            "hashes": [
                "sha256:8d79eef4eb1217095edab603acc52f935b983ae4b7655ee7c82c0dfd87315d17",
                "sha256:e1fccc11e7ea35c2a4d68c0b9aa58226a098e45e834d615c7b6c4928b01ddd6c"
            ],
            "index": "pypi",
            "markers": "python_version >= '2.7' and python_version not in '3.0, 3.1, 3.2, 3.3, 3.4'",
            "version": "==0.4.0"
        },
        "flask-sse": {
            "hashes": [
                "sha256:4f84714c2549a45e4f17bfc5f68ee8a9f298b22740a6844404d1c74551f2090d",
                "sha256:f86d7ecff0607333755c444130c395e7a133fb7ae6cf76fbd29b1da36d34776b"
            ],
            "index": "pypi",
            "version": "==1.0.0"
        },
        "gevent": {
            "hashes": [
                "sha256:07717cb293684185bd5190b876d897dd8ed11d6eb707264a0541bc36a6b06ba3",
                "sha256:0a8cf26b0852bd31761b5ac35485520657dc22eeded2a867d4fe97bc341bd338",
                "sha256:0cfab118ad5dcc55d7847dd9dccd560d9015fe671f42714b6f1ac97e3b2b9a3a",
                "sha256:128f68c7ddb4ce55760557549ce8db0ea2f7818a963a148e7a2f22fb6ee34645",
                "sha256:14e3ece38dcb24209a5b05dcc7ba5544514943bb7841bc5152c395c69e7ffbdc",
                "sha256:16b1688220ca33e0f37351b7ab03235fb65973e32336efd356abda0c770318c4",
                "sha256:23383d4e50718750f44cabdf1f8d4905108da0ffc6a8bf85448fb0a68f0e1b4d",
                "sha256:2776417181b27466b562bc47af5d20a55e2ccd4deec06a96f37e58317e1c8525",
                "sha256:28a60e5f1174ac568639ab3bd12be9d620478a35acf0ad3156ef117918b4f551",
                "sha256:2969cb688461de0ea04b80aa09b74b3ac18b70372206b27a445c7d727a5956af",
                "sha256:2c3018f3e89443e7086c905cd6da69c249d48070cc0f8d5357fdc325a9641bd2",
                "sha256:3358fc5bf0b960533d0ac2839fa9458fe5f6288b816b48ce7677b5e92434dad8",
                "sha256:3535a699771f35b460026077dec946e73e4744afb5661b4e05a78eea74c120ce",
                "sha256:36cd3bb6184c44b959c918a13d33a2f533de6d3eccf03a9ea3b90a1639082c3a",
                "sha256:398dc7adbcd8cf1fcb2dc8dc48aafc355790bff842c906a28b9f995bcc061bd2",
                "sha256:4b6d143b3facc930a90e263a4faebe8776f5e8493055022a493ec9de8a259690",
                "sha256:59107c7a452c7a70388b350f9840e6f5761a61e7c9750c48ad10066f29ac9a56",
                "sha256:59875a8533b103b7bca950bcdbbbc1456484bff1a906b9eceefaf7fd7e297a9e",
                "sha256:5c4a99ac674d8c13459e03dcb5550a4a3639a9bd1dcda12a630ffdd1fae8d9f8",
                "sha256:647bbbeeddd69bfdbd3df1a7c864b4727bfb09e7f461f47293e3d98ded7d74d4",
                "sha256:6513e872a365acb407c7a13e11112bbfe8b9d6f0cc138182b50ce9f4074a1f2f",
                "sha256:6a1399407299c710f5fe9348cda3f16e6d6fd6e592098d8bb678d58393b5457d",
                "sha256:6c804b0141222891310d6d15ae172a621183d2d6ecb2f2bd94c6c72af648c622",
                "sha256:717c2e90a267a7b6c74a9a6e432ee86c34651313180a85f551019385fdf1cefd",
                "sha256:791fb76294b79d5b0271b1be088d5dfb37506b7a8f4315ff939cae32b46be905",
                "sha256:8a4d24f188cb0bd71096a4037c11aa5674858c00749d3dbf3ec042642d3e9b09",
                "sha256:98a4302cb64c3fbc1f7472b051ac79e68b3d41f9d37a08a0fc6058461079dedf",
                "sha256:9b795ea9727d873387483df4ffd31137c4859746c9c789238db483a28bfa16de",
                "sha256:a30373121527feff642a7528bf674eb7b1d3cb343d6b2b3eb42e7ea76288d8f0",
                "sha256:af63a3f93f08c05aa8f4b94396686c2367c2f732adfbef69bc7032dbe7e30544",
                "sha256:b3c613e128f805b85fa03d54470a57e37592d2206e95c9553bcfd6b517863003",
                "sha256:c4bd94b59b68058157b1632ae3488124d569b7067ad458c654cd4fb7dd2d5ade",
                "sha256:c70ee82f417d1c94db3eb3fd2d14bfa6995a61b88f66005a69a169ad1df55b59",
                "sha256:cf365361ab40435e3c28c7335cdeb7f6f2b9a8ce6eaced01addbba1c83e4f08f",
                "sha256:d6d250ad0382135ad8bfb9cfd0c2a33a3dfd251a05657f652152e0c9084d1ddd",
                "sha256:dead93501a7d7973294708b73d7e47b13c16f001a317094b2068730f9ab2ad39",
                "sha256:e7d586a041f13b661dbe25137d6659fe246b1b454d0c5c29be26a3d8d4ed96cf",
                "sha256:edb9faf781408d9a00741d8b85cde051d04f3c2fdd71dd106ef7db255aae4e15",
                "sha256:ef20a651139f281fa014e26bb1642b17aa46d0f7afa29b024ffb195249644925",
                "sha256:f401539fb28a47f8608443d1051dbb0f09ac5c49f6b604f7bdf4d98fc1e7094b",
                "sha256:f99f2587f3b99f4ddc3446cee2ef4b8dea75ea536994377881a2f50a31f43dd9",
                "sha256:fa2dd9474eda6e990ec52b3ea74e0cb8713f1ef98fbaedcbcdcdef783cd7f863",
                "sha256:fccea073cffb0204d93e5dfadbc059cf73cf97c2563d251a1157d5e3c0bbed10",
                "sha256:fd8c8ef0647910745b2c478313398d118e3aefb5c2e2676e24bfcaa0973aa14b"
            ],
            "index": "pypi",
            "markers": "python_version >= '3.9'",
            "version": "==25.8.2"
        },
        "greenlet": {
            "hashes": [
                "sha256:00fadb3fedccc447f517ee0d3fd8fe49eae949e1cd0f6a611818f4f6fb7dc83b",
                "sha256:061dc4cf2c34852b052a8620d40f36324554bc192be474b9e9770e8c042fd735",
                "sha256:0db5594dce18db94f7d1650d7489909b57afde4c580806b8d9203b6e79cdc079",
                "sha256:0dca0d95ff849f9a364385f36ab49f50065d76964944638be9691e1832e9f86d",
                "sha256:16458c245a38991aa19676900d48bd1a6f2ce3e16595051a4db9d012154e8433",
                "sha256:18d9260df2b5fbf41ae5139e1be4e796d99655f023a636cd0e11e6406cca7d58",
                "sha256:1987de92fec508535687fb807a5cea1560f6196285a4cde35c100b8cd632cc52",
                "sha256:1a921e542453fe531144e91e1feedf12e07351b1cf6c9e8a3325ea600a715a31",
                "sha256:1ee8fae0519a337f2329cb78bd7a8e128ec0f881073d43f023c7b8d4831d5246",
                "sha256:20fb936b4652b6e307b8f347665e2c615540d4b42b3b4c8a321d8286da7e520f",
                "sha256:23768528f2911bcd7e475210822ffb5254ed10d71f4028387e5a99b4c6699671",
                "sha256:2523e5246274f54fdadbce8494458a2ebdcdbc7b802318466ac5606d3cded1f8",
                "sha256:27890167f55d2387576d1f41d9487ef171849ea0359ce1510ca6e06c8bece11d",
                "sha256:299fd615cd8fc86267b47597123e3f43ad79c9d8a22bebdce535e53550763e2f",
                "sha256:3b3812d8d0c9579967815af437d96623f45c0f2ae5f04e366de62a12d83a8fb0",
                "sha256:3b67ca49f54cede0186854a008109d6ee71f66bd57bb36abd6d0a0267b540cdd",
                "sha256:44358b9bf66c8576a9f57a590d5f5d6e72fa4228b763d0e43fee6d3b06d3a337",
                "sha256:49a30d5fda2507ae77be16479bdb62a660fa51b1eb4928b524975b3bde77b3c0",
                "sha256:4d1378601b85e2e5171b99be8d2dc85f594c79967599328f95c1dc1a40f1c633",
                "sha256:554b03b6e73aaabec3745364d6239e9e012d64c68ccd0b8430c64ccc14939a8b",
                "sha256:55e9c5affaa6775e2c6b67659f3a71684de4c549b3dd9afca3bc773533d284fa",
                "sha256:58b97143c9cc7b86fc458f215bd0932f1757ce649e05b640fea2e79b54cedb31",
                "sha256:5c9320971821a7cb77cfab8d956fa8e39cd07ca44b6070db358ceb7f8797c8c9",
                "sha256:65458b409c1ed459ea899e939f0e1cdb14f58dbc803f2f93c5eab5694d32671b",
                "sha256:671df96c1f23c4a0d4077a325483c1503c96a1b7d9db26592ae770daa41233d4",
                "sha256:710638eb93b1fa52823aa91bf75326f9ecdfd5e0466f00789246a5280f4ba0fc",
                "sha256:73f49b5368b5359d04e18d15828eecc1806033db5233397748f4ca813ff1056c",
                "sha256:81701fd84f26330f0d5f4944d4e92e61afe6319dcd9775e39396e39d7c3e5f98",
                "sha256:8854167e06950ca75b898b104b63cc646573aa5fef1353d4508ecdd1ee76254f",
                "sha256:8c68325b0d0acf8d91dde4e6f930967dd52a5302cd4062932a6b2e7c2969f47c",
                "sha256:94385f101946790ae13da500603491f04a76b6e4c059dab271b3ce2e283b2590",
                "sha256:94abf90142c2a18151632371140b3dba4dee031633fe614cb592dbb6c9e17bc3",
                "sha256:96378df1de302bc38e99c3a9aa311967b7dc80ced1dcc6f171e99842987882a2",
                "sha256:9c40adce87eaa9ddb593ccb0fa6a07caf34015a29bf8d344811665b573138db9",
                "sha256:9fe0a28a7b952a21e2c062cd5756d34354117796c6d9215a87f55e38d15402c5",
                "sha256:a7d4e128405eea3814a12cc2605e0e6aedb4035bf32697f72deca74de4105e02",
                "sha256:abbf57b5a870d30c4675928c37278493044d7c14378350b3aa5d484fa65575f0",
                "sha256:b4a1870c51720687af7fa3e7cda6d08d801dae660f75a76f3845b642b4da6ee1",
                "sha256:b6a7c19cf0d2742d0809a4c05975db036fdff50cd294a93632d6a310bf9ac02c",
                "sha256:b90654e092f928f110e0007f572007c9727b5265f7632c2fa7415b4689351594",
                "sha256:c17b6b34111ea72fc5a4e4beec9711d2226285f0386ea83477cbb97c30a3f3a5",
                "sha256:c2ca18a03a8cfb5b25bc1cbe20f3d9a4c80d8c3b13ba3df49ac3961af0b1018d",
                "sha256:c5111ccdc9c88f423426df3fd1811bfc40ed66264d35aa373420a34377efc98a",
                "sha256:c60a6d84229b271d44b70fb6e5fa23781abb5d742af7b808ae3f6efd7c9c60f6",
                "sha256:c8c9e331e58180d0d83c5b7999255721b725913ff6bc6cf39fa2a45841a4fd4b",
                "sha256:c9913f1a30e4526f432991f89ae263459b1c64d1608c0d22a5c79c287b3c70df",
                "sha256:cd3c8e693bff0fff6ba55f140bf390fa92c994083f838fece0f63be121334945",
                "sha256:d25c5091190f2dc0eaa3f950252122edbbadbb682aa7b1ef2f8af0f8c0afefae",
                "sha256:d2e685ade4dafd447ede19c31277a224a239a0a1a4eca4e6390efedf20260cfb",
                "sha256:d76383238584e9711e20ebe14db6c88ddcedc1829a9ad31a584389463b5aa504",
                "sha256:ddf9164e7a5b08e9d22511526865780a576f19ddd00d62f8a665949327fde8bb",
                "sha256:e37ab26028f12dbb0ff65f29a8d3d44a765c61e729647bf2ddfbbed621726f01",
                "sha256:f10fd42b5ee276335863712fa3da6608e93f70629c631bf77145021600abc23c",
                "sha256:f28588772bb5fb869a8eb331374ec06f24a83a9c25bfa1f38b6993afe9c1e968"
            ],
            "markers": "platform_python_implementation == 'CPython'",
            "version": "==3.2.4"
        },
        "gunicorn": {
            "hashes": [
                "sha256:ec400d38950de4dfd418cff8328b2c8faed0edb0d517d3394e457c317908ca4d",
                "sha256:f014447a0101dc57e294f6c18ca6b40227a4c90e9bdb586042628030cba004ec"
            ],
            "index": "pypi",
            "markers": "python_version >= '3.7'",
            "version": "==23.0.0"
        },
        "idna": {
            "hashes": [
                "sha256:12f65c9b470abda6dc35cf8e63cc574b1c52b11df2c86030af0ac09b01b13ea9",
                "sha256:946d195a0d259cbba61165e88e65941f16e9b36ea6ddb97f00452bae8b1287d3"
            ],
            "markers": "python_version >= '3.6'",
            "version": "==3.10"
        },
        "itsdangerous": {
            "hashes": [
                "sha256:c6242fc49e35958c8b15141343aa660db5fc54d4f13a1db01a3f5891b98700ef",
                "sha256:e0050c0b7da1eea53ffaf149c0cfbb5c6e2e2b69c4bef22c81fa6eb73e5f6173"
            ],
            "markers": "python_version >= '3.8'",
            "version": "==2.2.0"
        },
        "jinja2": {
            "hashes": [
                "sha256:0137fb05990d35f1275a587e9aee6d56da821fc83491a0fb838183be43f66d6d",
                "sha256:85ece4451f492d0c13c5dd7c13a64681a86afae63a5f347908daf103ce6d2f67"
            ],
            "markers": "python_version >= '3.7'",
            "version": "==3.1.6"
        },
        "markupsafe": {
            "hashes": [
                "sha256:0bff5e0ae4ef2e1ae4fdf2dfd5b76c75e5c2fa4132d05fc1b0dabcd20c7e28c4",
                "sha256:0f4ca02bea9a23221c0182836703cbf8930c5e9454bacce27e767509fa286a30",
                "sha256:1225beacc926f536dc82e45f8a4d68502949dc67eea90eab715dea3a21c1b5f0",
                "sha256:131a3c7689c85f5ad20f9f6fb1b866f402c445b220c19fe4308c0b147ccd2ad9",
                "sha256:15ab75ef81add55874e7ab7055e9c397312385bd9ced94920f2802310c930396",
                "sha256:1a9d3f5f0901fdec14d8d2f66ef7d035f2157240a433441719ac9a3fba440b13",
                "sha256:1c99d261bd2d5f6b59325c92c73df481e05e57f19837bdca8413b9eac4bd8028",
                "sha256:1e084f686b92e5b83186b07e8a17fc09e38fff551f3602b249881fec658d3eca",
                "sha256:2181e67807fc2fa785d0592dc2d6206c019b9502410671cc905d132a92866557",
                "sha256:2cb8438c3cbb25e220c2ab33bb226559e7afb3baec11c4f218ffa7308603c832",
                "sha256:3169b1eefae027567d1ce6ee7cae382c57fe26e82775f460f0b2778beaad66c0",
                "sha256:3809ede931876f5b2ec92eef964286840ed3540dadf803dd570c3b7e13141a3b",
                "sha256:38a9ef736c01fccdd6600705b09dc574584b89bea478200c5fbf112a6b0d5579",
                "sha256:3d79d162e7be8f996986c064d1c7c817f6df3a77fe3d6859f6f9e7be4b8c213a",
                "sha256:444dcda765c8a838eaae23112db52f1efaf750daddb2d9ca300bcae1039adc5c",
                "sha256:48032821bbdf20f5799ff537c7ac3d1fba0ba032cfc06194faffa8cda8b560ff",
                "sha256:4aa4e5faecf353ed117801a068ebab7b7e09ffb6e1d5e412dc852e0da018126c",
                "sha256:52305740fe773d09cffb16f8ed0427942901f00adedac82ec8b67752f58a1b22",
                "sha256:569511d3b58c8791ab4c2e1285575265991e6d8f8700c7be0e88f86cb0672094",
                "sha256:57cb5a3cf367aeb1d316576250f65edec5bb3be939e9247ae594b4bcbc317dfb",
                "sha256:5b02fb34468b6aaa40dfc198d813a641e3a63b98c2b05a16b9f80b7ec314185e",
                "sha256:6381026f158fdb7c72a168278597a5e3a5222e83ea18f543112b2662a9b699c5",
                "sha256:6af100e168aa82a50e186c82875a5893c5597a0c1ccdb0d8b40240b1f28b969a",
                "sha256:6c89876f41da747c8d3677a2b540fb32ef5715f97b66eeb0c6b66f5e3ef6f59d",
                "sha256:6e296a513ca3d94054c2c881cc913116e90fd030ad1c656b3869762b754f5f8a",
                "sha256:70a87b411535ccad5ef2f1df5136506a10775d267e197e4cf531ced10537bd6b",
                "sha256:7e94c425039cde14257288fd61dcfb01963e658efbc0ff54f5306b06054700f8",
                "sha256:846ade7b71e3536c4e56b386c2a47adf5741d2d8b94ec9dc3e92e5e1ee1e2225",
                "sha256:88416bd1e65dcea10bc7569faacb2c20ce071dd1f87539ca2ab364bf6231393c",
                "sha256:88b49a3b9ff31e19998750c38e030fc7bb937398b1f78cfa599aaef92d693144",
                "sha256:8c4e8c3ce11e1f92f6536ff07154f9d49677ebaaafc32db9db4620bc11ed480f",
                "sha256:8e06879fc22a25ca47312fbe7c8264eb0b662f6db27cb2d3bbbc74b1df4b9b87",
                "sha256:9025b4018f3a1314059769c7bf15441064b2207cb3f065e6ea1e7359cb46db9d",
                "sha256:93335ca3812df2f366e80509ae119189886b0f3c2b81325d39efdb84a1e2ae93",
                "sha256:9778bd8ab0a994ebf6f84c2b949e65736d5575320a17ae8984a77fab08db94cf",
                "sha256:9e2d922824181480953426608b81967de705c3cef4d1af983af849d7bd619158",
                "sha256:a123e330ef0853c6e822384873bef7507557d8e4a082961e1defa947aa59ba84",
                "sha256:a904af0a6162c73e3edcb969eeeb53a63ceeb5d8cf642fade7d39e7963a22ddb",
                "sha256:ad10d3ded218f1039f11a75f8091880239651b52e9bb592ca27de44eed242a48",
                "sha256:b424c77b206d63d500bcb69fa55ed8d0e6a3774056bdc4839fc9298a7edca171",
                "sha256:b5a6b3ada725cea8a5e634536b1b01c30bcdcd7f9c6fff4151548d5bf6b3a36c",
                "sha256:ba8062ed2cf21c07a9e295d5b8a2a5ce678b913b45fdf68c32d95d6c1291e0b6",
                "sha256:ba9527cdd4c926ed0760bc301f6728ef34d841f405abf9d4f959c478421e4efd",
                "sha256:bbcb445fa71794da8f178f0f6d66789a28d7319071af7a496d4d507ed566270d",
                "sha256:bcf3e58998965654fdaff38e58584d8937aa3096ab5354d493c77d1fdd66d7a1",
                "sha256:c0ef13eaeee5b615fb07c9a7dadb38eac06a0608b41570d8ade51c56539e509d",
                "sha256:cabc348d87e913db6ab4aa100f01b08f481097838bdddf7c7a84b7575b7309ca",
                "sha256:cdb82a876c47801bb54a690c5ae105a46b392ac6099881cdfb9f6e95e4014c6a",
                "sha256:cfad01eed2c2e0c01fd0ecd2ef42c492f7f93902e39a42fc9ee1692961443a29",
                "sha256:d16a81a06776313e817c951135cf7340a3e91e8c1ff2fac444cfd75fffa04afe",
                "sha256:d8213e09c917a951de9d09ecee036d5c7d36cb6cb7dbaece4c71a60d79fb9798",
                "sha256:e07c3764494e3776c602c1e78e298937c3315ccc9043ead7e685b7f2b8d47b3c",
                "sha256:e17c96c14e19278594aa4841ec148115f9c7615a47382ecb6b82bd8fea3ab0c8",
                "sha256:e444a31f8db13eb18ada366ab3cf45fd4b31e4db1236a4448f68778c1d1a5a2f",
                "sha256:e6a2a455bd412959b57a172ce6328d2dd1f01cb2135efda2e4576e8a23fa3b0f",
                "sha256:eaa0a10b7f72326f1372a713e73c3f739b524b3af41feb43e4921cb529f5929a",
                "sha256:eb7972a85c54febfb25b5c4b4f3af4dcc731994c7da0d8a0b4a6eb0640e1d178",
                "sha256:ee55d3edf80167e48ea11a923c7386f4669df67d7994554387f84e7d8b0a2bf0",
                "sha256:f3818cb119498c0678015754eba762e0d61e5b52d34c8b13d770f0719f7b1d79",
                "sha256:f8b3d067f2e40fe93e1ccdd6b2e1d16c43140e76f02fb1319a05cf2b79d99430",
                "sha256:fcabf5ff6eea076f859677f5f0b6b5c1a51e70a376b0579e0eadef8db48c6b50"
            ],
            "markers": "python_version >= '3.7'",
            "version": "==3.0.2"
        },
        "packaging": {
            "hashes": [
                "sha256:29572ef2b1f17581046b3a2227d5c611fb25ec70ca1ba8554b24b0e69331a484",
                "sha256:d443872c98d677bf60f6a1f2f8c1cb748e8fe762d2bf9d3148b5599295b0fc4f"
            ],
            "markers": "python_version >= '3.8'",
            "version": "==25.0"
        },
        "python-dateutil": {
            "hashes": [
                "sha256:37dd54208da7e1cd875388217d5e00ebd4179249f90fb72437e91a35459a0ad3",
                "sha256:a8b2bc7bffae282281c8140a97d3aa9c14da0b136dfe83f850eea9a5f7470427"
            ],
            "markers": "python_version >= '2.7' and python_version not in '3.0, 3.1, 3.2, 3.3'",
            "version": "==2.9.0.post0"
        },
        "python-dotenv": {
            "hashes": [
                "sha256:31f23644fe2602f88ff55e1f5c79ba497e01224ee7737937930c448e4d0e24dc",
                "sha256:a8a6399716257f45be6a007360200409fce5cda2661e3dec71d23dc15f6189ab"
            ],
            "index": "pypi",
            "markers": "python_version >= '3.9'",
            "version": "==1.1.1"
        },
        "pytz": {
            "hashes": [
                "sha256:360b9e3dbb49a209c21ad61809c7fb453643e048b38924c765813546746e81c3",
                "sha256:5ddf76296dd8c44c26eb8f4b6f35488f3ccbf6fbbd7adee0b7262d43f0ec2f00"
            ],
            "version": "==2025.2"
        },
        "redis": {
            "hashes": [
                "sha256:b01bc7282b8444e28ec36b261df5375183bb47a07eb9c603f284e89cbc5ef010",
                "sha256:f0544fa9604264e9464cdf4814e7d4830f74b165d52f2a330a760a88dd248b7f"
            ],
            "markers": "python_version >= '3.9'",
            "version": "==6.4.0"
        },
        "requests": {
            "hashes": [
                "sha256:2462f94637a34fd532264295e186976db0f5d453d1cdd31473c85a6a161affb6",
                "sha256:dbba0bac56e100853db0ea71b82b4dfd5fe2bf6d3754a8893c3af500cec7d7cf"
            ],
            "index": "pypi",
            "markers": "python_version >= '3.9'",
            "version": "==2.32.5"
        },
        "sentry-sdk": {
            "extras": [
                "flask"
            ],
            "hashes": [
                "sha256:531751da91aa62a909b42a7be155b41f6bb0de9df6ae98441d23b95de2f98475",
                "sha256:baaaea6608ed3a639766a69ded06b254b106d32ad9d180bdbe58f3db9364592b"
            ],
            "markers": "python_version >= '3.6'",
            "version": "==2.37.1"
        },
        "setuptools": {
            "hashes": [
                "sha256:062d34222ad13e0cc312a4c02d73f059e86a4acbfbdea8f8f76b28c99f306922",
                "sha256:f36b47402ecde768dbfafc46e8e4207b4360c654f1f3bb84475f0a28628fb19c"
            ],
            "markers": "python_version >= '3.9'",
            "version": "==80.9.0"
        },
        "six": {
            "hashes": [
                "sha256:4721f391ed90541fddacab5acf947aa0d3dc7d27b2e1e8eda2be8970586c3274",
                "sha256:ff70335d468e7eb6ec65b95b99d3a2836546063f63acc5171de367e834932a81"
            ],
            "markers": "python_version >= '2.7' and python_version not in '3.0, 3.1, 3.2, 3.3'",
            "version": "==1.17.0"
        },
        "toml": {
            "hashes": [
                "sha256:806143ae5bfb6a3c6e736a764057db0e6a0e05e338b5630894a5f779cabb4f9b",
                "sha256:b3bda1d108d5dd99f4a20d24d9c348e91c4db7ab1b749200bded2f839ccbe68f"
            ],
            "index": "pypi",
            "markers": "python_version >= '2.6' and python_version not in '3.0, 3.1, 3.2, 3.3'",
            "version": "==0.10.2"
        },
        "tzlocal": {
            "hashes": [
                "sha256:643c97c5294aedc737780a49d9df30889321cbe1204eac2c2ec6134035a92e44",
                "sha256:e2cb6c6b5b604af38597403e9852872d7f534962ae2954c7f35efcb1ccacf4a4"
            ],
            "index": "pypi",
            "version": "==2.1"
        },
        "urllib3": {
            "hashes": [
                "sha256:3fc47733c7e419d4bc3f6b3dc2b4f890bb743906a30d56ba4a5bfa4bbff92760",
                "sha256:e6b01673c0fa6a13e374b50871808eb3bf7046c4b125b216f6bf1cc604cff0dc"
            ],
            "markers": "python_version >= '3.9'",
            "version": "==2.5.0"
        },
        "werkzeug": {
            "hashes": [
                "sha256:54b78bf3716d19a65be4fceccc0d1d7b89e608834989dfae50ea87564639213e",
                "sha256:60723ce945c19328679790e3282cc758aa4a6040e4bb330f53d30fa546d44746"
            ],
            "markers": "python_version >= '3.9'",
            "version": "==3.1.3"
        },
        "zope.event": {
            "hashes": [
                "sha256:0ebac894fa7c5f8b7a89141c272133d8c1de6ddc75ea4b1f327f00d1f890df92",
                "sha256:6f0922593407cc673e7d8766b492c519f91bdc99f3080fe43dcec0a800d682a3"
            ],
            "markers": "python_version >= '3.9'",
            "version": "==6.0"
        },
        "zope.interface": {
            "hashes": [
                "sha256:07405019f635a93b318807cb2ec7b05a5ef30f67cf913d11eb2f156ddbcead0d",
                "sha256:0caca2915522451e92c96c2aec404d2687e9c5cb856766940319b3973f62abb8",
                "sha256:160ba50022b342451baf516de3e3a2cd2d8c8dbac216803889a5eefa67083688",
                "sha256:1858d1e5bb2c5ae766890708184a603eb484bb7454e306e967932a9f3c558b07",
                "sha256:1bee9c1b42513148f98d3918affd829804a5c992c000c290dc805f25a75a6a3f",
                "sha256:450ab3357799eed6093f3a9f1fa22761b3a9de9ebaf57f416da2c9fb7122cdcb",
                "sha256:453d2c6668778b8d2215430ed61e04417386e51afb23637ef2e14972b047b700",
                "sha256:4d639d5015c1753031e180b8ef81e72bb7d47b0aca0218694ad1f19b0a6c6b63",
                "sha256:5cffe23eb610e32a83283dde5413ab7a17938fa3fbd023ca3e529d724219deb0",
                "sha256:67047a4470cb2fddb5ba5105b0160a1d1c30ce4b300cf264d0563136adac4eac",
                "sha256:778458ea69413cf8131a3fcc6f0ea2792d07df605422fb03ad87daca3f8f78ce",
                "sha256:7e88c66ebedd1e839082f308b8372a50ef19423e01ee2e09600b80e765a10234",
                "sha256:7fb931bf55c66a092c5fbfb82a0ff3cc3221149b185bde36f0afc48acb8dcd92",
                "sha256:804ebacb2776eb89a57d9b5e9abec86930e0ee784a0005030801ae2f6c04d5d8",
                "sha256:879bb5bf937cde4acd738264e87f03c7bf7d45478f7c8b9dc417182b13d81f6c",
                "sha256:a26ae2fe77c58b4df8c39c2b7c3aadedfd44225a1b54a1d74837cd27057b2fc8",
                "sha256:a2c107cc6dff954be25399cd81ddc390667f79af306802fc0c1de98614348b70",
                "sha256:a9a8a71c38628af82a9ea1f7be58e5d19360a38067080c8896f6cbabe167e4f8",
                "sha256:b14d5aac547e635af749ce20bf49a3f5f93b8a854d2a6b1e95d4d5e5dc618f7d",
                "sha256:b207966f39c2e6fcfe9b68333acb7b19afd3fdda29eccc4643f8d52c180a3185",
                "sha256:b80447a3a5c7347f4ebf3e50de319c8d2a5dabd7de32f20899ac50fc275b145d",
                "sha256:c0cc51ebd984945362fd3abdc1e140dbd837c3e3b680942b3fa24fe3aac26ef8",
                "sha256:c23af5b4c4e332253d721ec1222c809ad27ceae382ad5b8ff22c4c4fb6eb8ed5",
                "sha256:c4d9d3982aaa88b177812cd911ceaf5ffee4829e86ab3273c89428f2c0c32cc4",
                "sha256:daf4d6ba488a0fb560980b575244aa962a75e77b7c86984138b8d52bd4b5465f",
                "sha256:dee2d1db1067e8a4b682dde7eb4bff21775412358e142f4f98c9066173f9dacd",
                "sha256:e38bb30a58887d63b80b01115ab5e8be6158b44d00b67197186385ec7efe44c7",
                "sha256:e3cf57f90a760c56c55668f650ba20c3444cde8332820db621c9a1aafc217471",
                "sha256:ea1f2e47bc0124a03ee1e5fb31aee5dfde876244bcc552b9e3eb20b041b350d7",
                "sha256:ec1da7b9156ae000cea2d19bad83ddb5c50252f9d7b186da276d17768c67a3cb",
                "sha256:ee9ecad04269c2da4b1be403a47993981531ffd557064b870eab4094730e5062"
            ],
            "markers": "python_version >= '3.9'",
            "version": "==8.0"
        }
    },
    "develop": {
        "mypy": {
            "hashes": [
                "sha256:040ecc95e026f71a9ad7956fea2724466602b561e6a25c2e5584160d3833aaa8",
                "sha256:1a0e70b87eb27b33209fa4792b051c6947976f6ab829daa83819df5f58330c71",
                "sha256:1cabb353194d2942522546501c0ff75c4043bf3b63069cb43274491b44b773c9",
                "sha256:1f95cc4f01c0f1701ca3b0355792bccec13ecb2ec1c469e5b85a6ef398398b1d",
                "sha256:261fbfced030228bc0f724d5d92f9ae69f46373bdfd0e04a533852677a11dbea",
                "sha256:2657654d82fcd2a87e02a33e0d23001789a554059bbf34702d623dafe353eabf",
                "sha256:2761b6ae22a2b7d8e8607fb9b81ae90bc2e95ec033fd18fa35e807af6c657763",
                "sha256:2a0c8392c19934c2b6c65566d3a6abdc6b51d5da7f5d04e43f0eb627d6eeee65",
                "sha256:2cd2c1e0f3a7465f22731987fff6fc427e3dcbb4ca5f7db5bbeaff2ff9a31f6d",
                "sha256:2fbcecbe5cf213ba294aa8c0b8c104400bf7bb64db82fb34fe32a205da4b3531",
                "sha256:320f0ad4205eefcb0e1a72428dde0ad10be73da9f92e793c36228e8ebf7298c0",
                "sha256:4dc6b34a1c6875e6286e27d836a35c0d04e8316beac4482d42cfea7ed2527df8",
                "sha256:502cde8896be8e638588b90fdcb4c5d5b8c1b004dfc63fd5604a973547367bb9",
                "sha256:51531b6e94f34b8bd8b01dee52bbcee80daeac45e69ec5c36e25bce51cbc46e6",
                "sha256:5956ecaabb3a245e3f34100172abca1507be687377fe20e24d6a7557e07080e2",
                "sha256:5b10e3ea7f2eec23b4929a3fabf84505da21034a4f4b9613cda81217e92b74f3",
                "sha256:6c903857b3e28fc5489e54042684a9509039ea0aedb2a619469438b544ae1961",
                "sha256:738b171690c8e47c93569635ee8ec633d2cdb06062f510b853b5f233020569a9",
                "sha256:7509549b5e41be279afc1228242d0e397f1af2919a8f2877ad542b199dc4083e",
                "sha256:82ace21edf7ba8af31c3308a61dc72df30500f4dbb26f99ac36b4b80809d7e94",
                "sha256:8750ceb014a96c9890421c83f0db53b0f3b8633e2864c6f9bc0a8e93951ed18d",
                "sha256:8c05a7f8c00300a52f3a4fcc95a185e99bf944d7e851ff141bae8dcf6dcfeac4",
                "sha256:913f668ec50c3337b89df22f973c1c8f0b29ee9e290a8b7fe01cc1ef7446d42e",
                "sha256:937e3ed86cb731276706e46e03512547e43c391a13f363e08d0fee49a7c38a0d",
                "sha256:99f272c9b59f5826fffa439575716276d19cbf9654abc84a2ba2d77090a0ba14",
                "sha256:9e988c64ad3ac5987f43f5154f884747faf62141b7f842e87465b45299eea5a9",
                "sha256:a2dfd53dfe632f1ef5d161150a4b1f2d0786746ae02950eb3ac108964ee2975a",
                "sha256:b76a4de66a0ac01da1be14ecc8ae88ddea33b8380284a9e3eae39d57ebcbe26e",
                "sha256:b8367e33506300f07a43012fc546402f283c3f8bcff1dc338636affb710154ce",
                "sha256:ba24603c58e34dd5b096dfad792d87b304fc6470cbb1c22fd64e7ebd17edcc61",
                "sha256:c378d946e8a60be6b6ede48c878d145546fb42aad61df998c056ec151bf6c746",
                "sha256:d70d2b5baf9b9a20bc9c730015615ae3243ef47fb4a58ad7b31c3e0a59b5ef1f",
                "sha256:dbfdea20e90e9c5476cea80cfd264d8e197c6ef2c58483931db2eefb2f7adc14",
                "sha256:e37763af63a8018308859bc83d9063c501a5820ec5bd4a19f0a2ac0d1c25c061",
                "sha256:e4f16c0019d48941220ac60b893615be2f63afedaba6a0801bdcd041b96991ce",
                "sha256:ed36662fb92ae4cb3cacc682ec6656208f323bbc23d4b08d091eecfc0863d4b5",
                "sha256:f85eb7efa2ec73ef63fc23b8af89c2fe5bf2a4ad985ed2d3ff28c1bb3c317c92",
                "sha256:fb89ea08ff41adf59476b235293679a6eb53a7b9400f6256272fb6029bec3ce5"
            ],
            "index": "pypi",
            "markers": "python_version >= '3.9'",
            "version": "==1.18.1"
        },
        "mypy-extensions": {
            "hashes": [
                "sha256:1be4cccdb0f2482337c4743e60421de3a356cd97508abadd57d47403e94f5505",
                "sha256:52e68efc3284861e772bbcd66823fde5ae21fd2fdb51c62a211403730b916558"
            ],
            "markers": "python_version >= '3.8'",
            "version": "==1.1.0"
        },
        "pathspec": {
            "hashes": [
                "sha256:a0d503e138a4c123b27490a4f7beda6a01c6f288df0e4a8b79c7eb0dc7b4cc08",
                "sha256:a482d51503a1ab33b1c67a6c3813a26953dbdc71c31dacaef9a838c4e29f5712"
            ],
            "markers": "python_version >= '3.8'",
            "version": "==0.12.1"
        },
        "types-requests": {
            "hashes": [
                "sha256:78c9c1fffebbe0fa487a418e0fa5252017e9c60d1a2da394077f1780f655d7e1",
                "sha256:abd6d4f9ce3a9383f269775a9835a4c24e5cd6b9f647d64f88aa4613c33def5d"
            ],
            "index": "pypi",
            "markers": "python_version >= '3.9'",
            "version": "==2.32.4.20250913"
        },
        "types-toml": {
            "hashes": [
                "sha256:3d41501302972436a6b8b239c850b26689657e25281b48ff0ec06345b8830331",
                "sha256:627b47775d25fa29977d9c70dc0cbab3f314f32c8d8d0c012f2ef5de7aaec05d"
            ],
            "index": "pypi",
            "markers": "python_version >= '3.8'",
            "version": "==0.10.8.20240310"
        },
        "typing-extensions": {
            "hashes": [
                "sha256:0cea48d173cc12fa28ecabc3b837ea3cf6f38c6d1136f85cbaaf598984861466",
                "sha256:f0fa19c6845758ab08074a0cfa8b7aecb71c999ca73d62883bc25cc018c4e548"
            ],
            "markers": "python_version >= '3.9'",
            "version": "==4.15.0"
        },
        "urllib3": {
            "hashes": [
                "sha256:3fc47733c7e419d4bc3f6b3dc2b4f890bb743906a30d56ba4a5bfa4bbff92760",
                "sha256:e6b01673c0fa6a13e374b50871808eb3bf7046c4b125b216f6bf1cc604cff0dc"
            ],
            "markers": "python_version >= '3.9'",
            "version": "==2.5.0"
        }
    }
}
