# THIS IS AN AUTOGENERATED FILE. DO NOT EDIT THIS FILE DIRECTLY.
# yarn lockfile v1


"@babel/helper-string-parser@^7.27.1":
  version "7.27.1"
  resolved "https://registry.yarnpkg.com/@babel/helper-string-parser/-/helper-string-parser-7.27.1.tgz#54da796097ab19ce67ed9f88b47bb2ec49367687"
  integrity sha512-qMlSxKbpRlAridDExk92nSobyDdpPijUq2DW6oDnUqd0iOGxmQjyqhMIihI9+zv4LPyZdRje2cavWPbCbWm3eA==

"@babel/helper-validator-identifier@^7.27.1":
  version "7.27.1"
  resolved "https://registry.yarnpkg.com/@babel/helper-validator-identifier/-/helper-validator-identifier-7.27.1.tgz#a7054dcc145a967dd4dc8fee845a57c1316c9df8"
  integrity sha512-D2hP9eA+Sqx1kBZgzxZh0y1trbuU+JoDkiEwqhQ36nodYqJwyEIhPSdMNd7lOm/4io72luTPWH20Yda0xOuUow==

"@babel/parser@^7.27.2":
  version "7.27.2"
  resolved "https://registry.yarnpkg.com/@babel/parser/-/parser-7.27.2.tgz#577518bedb17a2ce4212afd052e01f7df0941127"
  integrity sha512-QYLs8299NA7WM/bZAdp+CviYYkVoYXlDW2rzliy3chxd1PQjej7JORuMJDJXJUb9g0TT+B99EwaVLKmX+sPXWw==
  dependencies:
    "@babel/types" "^7.27.1"

"@babel/types@^7.27.1":
  version "7.27.1"
  resolved "https://registry.yarnpkg.com/@babel/types/-/types-7.27.1.tgz#9defc53c16fc899e46941fc6901a9eea1c9d8560"
  integrity sha512-+EzkxvLNfiUeKMgy/3luqfsCWFRXLb7U6wNQTk60tovuckwB15B191tJWvpp4HjiQWdJkCxO3Wbvc6jlk3Xb2Q==
  dependencies:
    "@babel/helper-string-parser" "^7.27.1"
    "@babel/helper-validator-identifier" "^7.27.1"

"@jridgewell/sourcemap-codec@^1.5.0":
  version "1.5.0"
  resolved "https://registry.yarnpkg.com/@jridgewell/sourcemap-codec/-/sourcemap-codec-1.5.0.tgz#3188bcb273a414b0d215fd22a58540b989b9409a"
  integrity sha512-gv3ZRaISU3fjPAgNsriBRqGWQL6quFx04YMPW/zD8XMLsU32mhCCbfbO6KZFLjvYpCZ8zyDEgqsgf+PwPaM7GQ==

"@popperjs/core@^2":
  version "2.11.8"
  resolved "https://registry.yarnpkg.com/@popperjs/core/-/core-2.11.8.tgz#6b79032e760a0899cd4204710beede972a3a185f"
  integrity sha512-P1st0aksCrn9sGZhp8GMYwBnQsbvAWsZAX44oXNNvLHGqAOcoVxmjZiohstwQ7SqKnbR47akdNi+uleWD8+g6A==

"@vue/compiler-core@3.5.14":
  version "3.5.14"
  resolved "https://registry.yarnpkg.com/@vue/compiler-core/-/compiler-core-3.5.14.tgz#3676685c04c48a5b4a5515b3b2842e98342c555c"
  integrity sha512-k7qMHMbKvoCXIxPhquKQVw3Twid3Kg4s7+oYURxLGRd56LiuHJVrvFKI4fm2AM3c8apqODPfVJGoh8nePbXMRA==
  dependencies:
    "@babel/parser" "^7.27.2"
    "@vue/shared" "3.5.14"
    entities "^4.5.0"
    estree-walker "^2.0.2"
    source-map-js "^1.2.1"

"@vue/compiler-dom@3.5.14":
  version "3.5.14"
  resolved "https://registry.yarnpkg.com/@vue/compiler-dom/-/compiler-dom-3.5.14.tgz#bbf27421f80f7b8873000edceecd817c4abf438a"
  integrity sha512-1aOCSqxGOea5I80U2hQJvXYpPm/aXo95xL/m/mMhgyPUsKe9jhjwWpziNAw7tYRnbz1I61rd9Mld4W9KmmRoug==
  dependencies:
    "@vue/compiler-core" "3.5.14"
    "@vue/shared" "3.5.14"

"@vue/compiler-sfc@3.5.14":
  version "3.5.14"
  resolved "https://registry.yarnpkg.com/@vue/compiler-sfc/-/compiler-sfc-3.5.14.tgz#fc3db30a1c744139d41bb57bb451d783415fce4b"
  integrity sha512-9T6m/9mMr81Lj58JpzsiSIjBgv2LiVoWjIVa7kuXHICUi8LiDSIotMpPRXYJsXKqyARrzjT24NAwttrMnMaCXA==
  dependencies:
    "@babel/parser" "^7.27.2"
    "@vue/compiler-core" "3.5.14"
    "@vue/compiler-dom" "3.5.14"
    "@vue/compiler-ssr" "3.5.14"
    "@vue/shared" "3.5.14"
    estree-walker "^2.0.2"
    magic-string "^0.30.17"
    postcss "^8.5.3"
    source-map-js "^1.2.1"

"@vue/compiler-ssr@3.5.14":
  version "3.5.14"
  resolved "https://registry.yarnpkg.com/@vue/compiler-ssr/-/compiler-ssr-3.5.14.tgz#013174ee6bbf3ee291a6df247a3feb6eb43d808b"
  integrity sha512-Y0G7PcBxr1yllnHuS/NxNCSPWnRGH4Ogrp0tsLA5QemDZuJLs99YjAKQ7KqkHE0vCg4QTKlQzXLKCMF7WPSl7Q==
  dependencies:
    "@vue/compiler-dom" "3.5.14"
    "@vue/shared" "3.5.14"

"@vue/reactivity@3.5.14":
  version "3.5.14"
  resolved "https://registry.yarnpkg.com/@vue/reactivity/-/reactivity-3.5.14.tgz#814fb4ba84a9560d2752b9982fdd2b76e4a5e5a3"
  integrity sha512-7cK1Hp343Fu/SUCCO52vCabjvsYu7ZkOqyYu7bXV9P2yyfjUMUXHZafEbq244sP7gf+EZEz+77QixBTuEqkQQw==
  dependencies:
    "@vue/shared" "3.5.14"

"@vue/runtime-core@3.5.14":
  version "3.5.14"
  resolved "https://registry.yarnpkg.com/@vue/runtime-core/-/runtime-core-3.5.14.tgz#f4084cad032be3452d8f137035fcd93c182f7149"
  integrity sha512-w9JWEANwHXNgieAhxPpEpJa+0V5G0hz3NmjAZwlOebtfKyp2hKxKF0+qSh0Xs6/PhfGihuSdqMprMVcQU/E6ag==
  dependencies:
    "@vue/reactivity" "3.5.14"
    "@vue/shared" "3.5.14"

"@vue/runtime-dom@3.5.14":
  version "3.5.14"
  resolved "https://registry.yarnpkg.com/@vue/runtime-dom/-/runtime-dom-3.5.14.tgz#59ea4a5fe3ed93fb8f725c1c722a0fe8d8ae16cf"
  integrity sha512-lCfR++IakeI35TVR80QgOelsUIdcKjd65rWAMfdSlCYnaEY5t3hYwru7vvcWaqmrK+LpI7ZDDYiGU5V3xjMacw==
  dependencies:
    "@vue/reactivity" "3.5.14"
    "@vue/runtime-core" "3.5.14"
    "@vue/shared" "3.5.14"
    csstype "^3.1.3"

"@vue/server-renderer@3.5.14":
  version "3.5.14"
  resolved "https://registry.yarnpkg.com/@vue/server-renderer/-/server-renderer-3.5.14.tgz#adcaf30ddcf0064a28ce832d29f430bd0db3ef18"
  integrity sha512-Rf/ISLqokIvcySIYnv3tNWq40PLpNLDLSJwwVWzG6MNtyIhfbcrAxo5ZL9nARJhqjZyWWa40oRb2IDuejeuv6w==
  dependencies:
    "@vue/compiler-ssr" "3.5.14"
    "@vue/shared" "3.5.14"

"@vue/shared@3.5.14":
  version "3.5.14"
  resolved "https://registry.yarnpkg.com/@vue/shared/-/shared-3.5.14.tgz#8fcdc6c69661a1163c173cafb6129c3f8ad01122"
  integrity sha512-oXTwNxVfc9EtP1zzXAlSlgARLXNC84frFYkS0HHz0h3E4WZSP9sywqjqzGCP9Y34M8ipNmd380pVgmMuwELDyQ==

bootstrap@^5:
  version "5.3.6"
  resolved "https://registry.yarnpkg.com/bootstrap/-/bootstrap-5.3.6.tgz#fbd91ebaff093f5b191a1c01a8c866d24f9fa6e1"
  integrity sha512-jX0GAcRzvdwISuvArXn3m7KZscWWFAf1MKBcnzaN02qWMb3jpMoUX4/qgeiGzqyIb4ojulRzs89UCUmGcFSzTA==

csstype@^3.1.3:
  version "3.1.3"
  resolved "https://registry.yarnpkg.com/csstype/-/csstype-3.1.3.tgz#d80ff294d114fb0e6ac500fbf85b60137d7eff81"
  integrity sha512-M1uQkMl8rQK/szD0LNhtqxIPLpimGm8sOBwU7lLnCpSbTyY3yeU1Vc7l4KT5zT4s/yOxHH5O7tIuuLOCnLADRw==

entities@^4.5.0:
  version "4.5.0"
  resolved "https://registry.yarnpkg.com/entities/-/entities-4.5.0.tgz#5d268ea5e7113ec74c4d033b79ea5a35a488fb48"
  integrity sha512-V0hjH4dGPh9Ao5p0MoRY6BVqtwCjhz6vI5LT8AJ55H+4g9/4vbHx1I54fS0XuclLhDHArPQCiMjDxjaL8fPxhw==

estree-walker@^2.0.2:
  version "2.0.2"
  resolved "https://registry.yarnpkg.com/estree-walker/-/estree-walker-2.0.2.tgz#52f010178c2a4c117a7757cfe942adb7d2da4cac"
  integrity sha512-Rfkk/Mp/DL7JVje3u18FxFujQlTNR2q6QfMSMB7AvCBx91NGj/ba3kCfza0f6dVDbw7YlRf/nDrn7pQrCCyQ/w==

event-source-polyfill@^1.0.22:
  version "1.0.31"
  resolved "https://registry.yarnpkg.com/event-source-polyfill/-/event-source-polyfill-1.0.31.tgz#45fb0a6fc1375b2ba597361ba4287ffec5bf2e0c"
  integrity sha512-4IJSItgS/41IxN5UVAVuAyczwZF7ZIEsM1XAoUzIHA6A+xzusEZUutdXz2Nr+MQPLxfTiCvqE79/C8HT8fKFvA==

magic-string@^0.30.17:
  version "0.30.17"
  resolved "https://registry.yarnpkg.com/magic-string/-/magic-string-0.30.17.tgz#450a449673d2460e5bbcfba9a61916a1714c7453"
  integrity sha512-sNPKHvyjVf7gyjwS4xGTaW/mCnF8wnjtifKBEhxfZ7E/S8tQ0rssrwGNn6q8JH/ohItJfSQp9mBtQYuTlH5QnA==
  dependencies:
    "@jridgewell/sourcemap-codec" "^1.5.0"

nanoid@^3.3.8:
  version "3.3.11"
  resolved "https://registry.yarnpkg.com/nanoid/-/nanoid-3.3.11.tgz#4f4f112cefbe303202f2199838128936266d185b"
  integrity sha512-N8SpfPUnUp1bK+PMYW8qSWdl9U+wwNWI4QKxOYDy9JAro3WMX7p2OeVRF9v+347pnakNevPmiHhNmZ2HbFA76w==

picocolors@^1.1.1:
  version "1.1.1"
  resolved "https://registry.yarnpkg.com/picocolors/-/picocolors-1.1.1.tgz#3d321af3eab939b083c8f929a1d12cda81c26b6b"
  integrity sha512-xceH2snhtb5M9liqDsmEw56le376mTZkEX/jEb/RxNFyegNul7eNslCXP9FDj/Lcu0X8KEyMceP2ntpaHrDEVA==

postcss@^8.5.3:
  version "8.5.3"
  resolved "https://registry.yarnpkg.com/postcss/-/postcss-8.5.3.tgz#1463b6f1c7fb16fe258736cba29a2de35237eafb"
  integrity sha512-dle9A3yYxlBSrt8Fu+IpjGT8SY8hN0mlaA6GY8t0P5PjIOZemULz/E2Bnm/2dcUOena75OTNkHI76uZBNUUq3A==
  dependencies:
    nanoid "^3.3.8"
    picocolors "^1.1.1"
    source-map-js "^1.2.1"

raven-js@^3.27.0:
  version "3.27.2"
  resolved "https://registry.yarnpkg.com/raven-js/-/raven-js-3.27.2.tgz#6c33df952026cd73820aa999122b7b7737a66775"
  integrity sha512-mFWQcXnhRFEQe5HeFroPaEghlnqy7F5E2J3Fsab189ondqUzcjwSVi7el7F36cr6PvQYXoZ1P2F5CSF2/azeMQ==

source-map-js@^1.2.1:
  version "1.2.1"
  resolved "https://registry.yarnpkg.com/source-map-js/-/source-map-js-1.2.1.tgz#1ce5650fddd87abc099eda37dcff024c2667ae46"
  integrity sha512-UXWMKhLOwVKb728IUtQPXxfYU+usdybtUrK/8uGE8CQMvrhOpwvzDBwj0QhSL7MQc7vIsISBG8VQ8+IDQxpfQA==

vue-sse@^2.5.2:
  version "2.5.2"
  resolved "https://registry.yarnpkg.com/vue-sse/-/vue-sse-2.5.2.tgz#428f088826b5ba4a0f3e3e0c9e8206578bf2cb72"
  integrity sha512-HJu2JGEld2ez1Ko9ZhuTCTe563eq4qXESg1cjlS99pwMQ8COE5fAAtoJ4Lw/dr+K+1tLLBiFvvb98364YWZ2UQ==
  dependencies:
    event-source-polyfill "^1.0.22"

vue@^3:
  version "3.5.14"
  resolved "https://registry.yarnpkg.com/vue/-/vue-3.5.14.tgz#0ddf16d20cc20adaedfb5e77bca64c488bf5ee27"
  integrity sha512-LbOm50/vZFG6Mhy6KscQYXZMQ0LMCC/y40HDJPPvGFQ+i/lUH+PJHR6C3assgOQiXdl6tAfsXHbXYVBZZu65ew==
  dependencies:
    "@vue/compiler-dom" "3.5.14"
    "@vue/compiler-sfc" "3.5.14"
    "@vue/runtime-dom" "3.5.14"
    "@vue/server-renderer" "3.5.14"
    "@vue/shared" "3.5.14"
